
Microsoft Visual Studio Solution File, Format Version 12.00
# Visual Studio Version 16
VisualStudioVersion = 16.0.30503.244
MinimumVisualStudioVersion = 10.0.40219.1
Project("{FAE04EC0-301F-11D3-BF4B-00C04F79EFBC}") = "ProjetRetardWPF", "ProjetRetardWPF\ProjetRetardWPF.csproj", "{B08CB0A4-90D2-4DA5-8BD2-4A4469E4318C}"
EndProject
Project("{FAE04EC0-301F-11D3-BF4B-00C04F79EFBC}") = "ProjetRetardMetier", "ProjetRetardMetier\ProjetRetardMetier.csproj", "{EBFDAC35-4E3D-490B-A162-9E518306768E}"
EndProject
Project("{FAE04EC0-301F-11D3-BF4B-00C04F79EFBC}") = "ProjetRetardMetierTests", "ProjetRetardMetierTests\ProjetRetardMetierTests.csproj", "{9921F385-37D4-4D95-9F3E-6F622DA6091B}"
EndProject
Global
	GlobalSection(SolutionConfigurationPlatforms) = preSolution
		Debug|Any CPU = Debug|Any CPU
		Release|Any CPU = Release|Any CPU
	EndGlobalSection
	GlobalSection(ProjectConfigurationPlatforms) = postSolution
		{B08CB0A4-90D2-4DA5-8BD2-4A4469E4318C}.Debug|Any CPU.ActiveCfg = Debug|Any CPU
		{B08CB0A4-90D2-4DA5-8BD2-4A4469E4318C}.Debug|Any CPU.Build.0 = Debug|Any CPU
		{B08CB0A4-90D2-4DA5-8BD2-4A4469E4318C}.Release|Any CPU.ActiveCfg = Release|Any CPU
		{B08CB0A4-90D2-4DA5-8BD2-4A4469E4318C}.Release|Any CPU.Build.0 = Release|Any CPU
		{EBFDAC35-4E3D-490B-A162-9E518306768E}.Debug|Any CPU.ActiveCfg = Debug|Any CPU
		{EBFDAC35-4E3D-490B-A162-9E518306768E}.Debug|Any CPU.Build.0 = Debug|Any CPU
		{EBFDAC35-4E3D-490B-A162-9E518306768E}.Release|Any CPU.ActiveCfg = Release|Any CPU
		{EBFDAC35-4E3D-490B-A162-9E518306768E}.Release|Any CPU.Build.0 = Release|Any CPU
		{9921F385-37D4-4D95-9F3E-6F622DA6091B}.Debug|Any CPU.ActiveCfg = Debug|Any CPU
		{9921F385-37D4-4D95-9F3E-6F622DA6091B}.Debug|Any CPU.Build.0 = Debug|Any CPU
		{9921F385-37D4-4D95-9F3E-6F622DA6091B}.Release|Any CPU.ActiveCfg = Release|Any CPU
		{9921F385-37D4-4D95-9F3E-6F622DA6091B}.Release|Any CPU.Build.0 = Release|Any CPU
	EndGlobalSection
	GlobalSection(SolutionProperties) = preSolution
		HideSolutionNode = FALSE
	EndGlobalSection
	GlobalSection(ExtensibilityGlobals) = postSolution
		SolutionGuid = {0F3AEC04-1523-481D-AD9D-8E8686297EEF}
	EndGlobalSection
EndGlobal
